<?xml version="1.0" encoding="utf-8"?>
<Project ToolsVersion="4.0" xmlns="http://schemas.microsoft.com/developer/msbuild/2003">
  <ItemGroup>
    <Filter Include="Source Files">
      <UniqueIdentifier>{4FC737F1-C7A5-4376-A066-2A32D752A2FF}</UniqueIdentifier>
      <Extensions>cpp;c;cc;cxx;c++;cppm;ixx;def;odl;idl;hpj;bat;asm;asmx</Extensions>
    </Filter>
    <Filter Include="Header Files">
      <UniqueIdentifier>{93995380-89BD-4b04-88EB-625FBE52EBFB}</UniqueIdentifier>
      <Extensions>h;hh;hpp;hxx;h++;hm;inl;inc;ipp;xsd</Extensions>
    </Filter>
    <Filter Include="Resource Files">
      <UniqueIdentifier>{67DA6AB6-F800-4c08-8B7A-83BB121AAD01}</UniqueIdentifier>
      <Extensions>rc;ico;cur;bmp;dlg;rc2;rct;bin;rgs;gif;jpg;jpeg;jpe;resx;tiff;tif;png;wav;mfcribbon-ms</Extensions>
    </Filter>
  </ItemGroup>
  <ItemGroup>
    <ClInclude Include="src\lib\cgss_api.h">
      <Filter>Header Files</Filter>
    </ClInclude>
    <ClInclude Include="src\lib\cgss_capi.h">
      <Filter>Header Files</Filter>
    </ClInclude>
    <ClInclude Include="src\lib\cgss_cdata.h">
      <Filter>Header Files</Filter>
    </ClInclude>
    <ClInclude Include="src\lib\cgss_cenum.h">
      <Filter>Header Files</Filter>
    </ClInclude>
    <ClInclude Include="src\lib\cgss_data.h">
      <Filter>Header Files</Filter>
    </ClInclude>
    <ClInclude Include="src\lib\cgss_enum.h">
      <Filter>Header Files</Filter>
    </ClInclude>
    <ClInclude Include="src\lib\cgss_env.h">
      <Filter>Header Files</Filter>
    </ClInclude>
    <ClInclude Include="src\lib\cgss_intf.h">
      <Filter>Header Files</Filter>
    </ClInclude>
    <ClInclude Include="src\lib\capi\CHandleManager.h">
      <Filter>Header Files</Filter>
    </ClInclude>
    <ClInclude Include="src\lib\cdata\ACB_CUE_RECORD.h">
      <Filter>Header Files</Filter>
    </ClInclude>
    <ClInclude Include="src\lib\cdata\AFS2_FILE_RECORD.h">
      <Filter>Header Files</Filter>
    </ClInclude>
    <ClInclude Include="src\lib\cdata\HCA_CIPHER_CONFIG.h">
      <Filter>Header Files</Filter>
    </ClInclude>
    <ClInclude Include="src\lib\cdata\HCA_DECODER_CONFIG.h">
      <Filter>Header Files</Filter>
    </ClInclude>
    <ClInclude Include="src\lib\cdata\HCA_INFO.h">
      <Filter>Header Files</Filter>
    </ClInclude>
    <ClInclude Include="src\lib\cdata\UTF_FIELD.h">
      <Filter>Header Files</Filter>
    </ClInclude>
    <ClInclude Include="src\lib\cdata\UTF_HEADER.h">
      <Filter>Header Files</Filter>
    </ClInclude>
    <ClInclude Include="src\lib\cdata\UTF_ROW.h">
      <Filter>Header Files</Filter>
    </ClInclude>
    <ClInclude Include="src\lib\cdata\UTF_TABLE.h">
      <Filter>Header Files</Filter>
    </ClInclude>
    <ClInclude Include="src\lib\common\quick_utils.h">
      <Filter>Header Files</Filter>
    </ClInclude>
    <ClInclude Include="src\lib\ichinose\CAcbFile.h">
      <Filter>Header Files</Filter>
    </ClInclude>
    <ClInclude Include="src\lib\ichinose\CAcbHelper.h">
      <Filter>Header Files</Filter>
    </ClInclude>
    <ClInclude Include="src\lib\ichinose\CAfs2Archive.h">
      <Filter>Header Files</Filter>
    </ClInclude>
    <ClInclude Include="src\lib\ichinose\CUtfField.h">
      <Filter>Header Files</Filter>
    </ClInclude>
    <ClInclude Include="src\lib\ichinose\CUtfReader.h">
      <Filter>Header Files</Filter>
    </ClInclude>
    <ClInclude Include="src\lib\ichinose\CUtfTable.h">
      <Filter>Header Files</Filter>
    </ClInclude>
    <ClInclude Include="src\lib\jni\cgss_jni.h">
      <Filter>Header Files</Filter>
    </ClInclude>
    <ClInclude Include="src\lib\jni\jni_helper.hpp">
      <Filter>Header Files</Filter>
    </ClInclude>
    <ClInclude Include="src\lib\kawashima\hca\CDefaultWaveGenerator.h">
      <Filter>Header Files</Filter>
    </ClInclude>
    <ClInclude Include="src\lib\kawashima\hca\CHcaCipherConfig.h">
      <Filter>Header Files</Filter>
    </ClInclude>
    <ClInclude Include="src\lib\kawashima\hca\CHcaCipherConverter.h">
      <Filter>Header Files</Filter>
    </ClInclude>
    <ClInclude Include="src\lib\kawashima\hca\CHcaDecoder.h">
      <Filter>Header Files</Filter>
    </ClInclude>
    <ClInclude Include="src\lib\kawashima\hca\CHcaDecoderConfig.h">
      <Filter>Header Files</Filter>
    </ClInclude>
    <ClInclude Include="src\lib\kawashima\hca\CHcaFormatReader.h">
      <Filter>Header Files</Filter>
    </ClInclude>
    <ClInclude Include="src\lib\kawashima\hca\hca_native.h">
      <Filter>Header Files</Filter>
    </ClInclude>
    <ClInclude Include="src\lib\kawashima\hca\hca_utils.h">
      <Filter>Header Files</Filter>
    </ClInclude>
    <ClInclude Include="src\lib\kawashima\hca\internal\CHcaAth.h">
      <Filter>Header Files</Filter>
    </ClInclude>
    <ClInclude Include="src\lib\kawashima\hca\internal\CHcaChannel.h">
      <Filter>Header Files</Filter>
    </ClInclude>
    <ClInclude Include="src\lib\kawashima\hca\internal\CHcaCipher.h">
      <Filter>Header Files</Filter>
    </ClInclude>
    <ClInclude Include="src\lib\kawashima\hca\internal\CHcaData.h">
      <Filter>Header Files</Filter>
    </ClInclude>
    <ClInclude Include="src\lib\kawashima\wave\wave_native.h">
      <Filter>Header Files</Filter>
    </ClInclude>
    <ClInclude Include="src\lib\takamori\CBitConverter.h">
      <Filter>Header Files</Filter>
    </ClInclude>
    <ClInclude Include="src\lib\takamori\CFileSystem.h">
      <Filter>Header Files</Filter>
    </ClInclude>
    <ClInclude Include="src\lib\takamori\CPath.h">
      <Filter>Header Files</Filter>
    </ClInclude>
    <ClInclude Include="src\lib\takamori\exceptions\CArgumentException.h">
      <Filter>Header Files</Filter>
    </ClInclude>
    <ClInclude Include="src\lib\takamori\exceptions\CException.h">
      <Filter>Header Files</Filter>
    </ClInclude>
    <ClInclude Include="src\lib\takamori\exceptions\CFormatException.h">
      <Filter>Header Files</Filter>
    </ClInclude>
    <ClInclude Include="src\lib\takamori\exceptions\CInvalidOperationException.h">
      <Filter>Header Files</Filter>
    </ClInclude>
    <ClInclude Include="src\lib\takamori\exceptions\CNotImplementedException.h">
      <Filter>Header Files</Filter>
    </ClInclude>
    <ClInclude Include="src\lib\takamori\streams\CBinaryReader.h">
      <Filter>Header Files</Filter>
    </ClInclude>
    <ClInclude Include="src\lib\takamori\streams\CBinaryWriter.h">
      <Filter>Header Files</Filter>
    </ClInclude>
    <ClInclude Include="src\lib\takamori\streams\CFileStream.h">
      <Filter>Header Files</Filter>
    </ClInclude>
    <ClInclude Include="src\lib\takamori\streams\CMemoryStream.h">
      <Filter>Header Files</Filter>
    </ClInclude>
    <ClInclude Include="src\lib\takamori\streams\CStream.h">
      <Filter>Header Files</Filter>
    </ClInclude>
    <ClInclude Include="src\lib\takamori\streams\CStreamExtensions.h">
      <Filter>Header Files</Filter>
    </ClInclude>
    <ClInclude Include="src\lib\takamori\streams\IStream.h">
      <Filter>Header Files</Filter>
    </ClInclude>
    <ClInclude Include="src\lib\takamori\Utilities.h">
      <Filter>Header Files</Filter>
    </ClInclude>
  </ItemGroup>
  <ItemGroup>
    <ClCompile Include="src\lib\capi\cgss_capi.cpp">
      <Filter>Source Files</Filter>
    </ClCompile>
    <ClCompile Include="src\lib\capi\CHandleManager.cpp">
      <Filter>Source Files</Filter>
    </ClCompile>
    <ClCompile Include="src\lib\ichinose\CAcbFile.cpp">
      <Filter>Source Files</Filter>
    </ClCompile>
    <ClCompile Include="src\lib\ichinose\CAcbHelper.cpp">
      <Filter>Source Files</Filter>
    </ClCompile>
    <ClCompile Include="src\lib\ichinose\CAfs2Archive.cpp">
      <Filter>Source Files</Filter>
    </ClCompile>
    <ClCompile Include="src\lib\ichinose\CUtfField.cpp">
      <Filter>Source Files</Filter>
    </ClCompile>
    <ClCompile Include="src\lib\ichinose\CUtfReader.cpp">
      <Filter>Source Files</Filter>
    </ClCompile>
    <ClCompile Include="src\lib\ichinose\CUtfTable.cpp">
      <Filter>Source Files</Filter>
    </ClCompile>
    <ClCompile Include="src\lib\jni\cgss_jni.cpp">
      <Filter>Source Files</Filter>
    </ClCompile>
    <ClCompile Include="src\lib\kawashima\hca\CDefaultWaveGenerator.cpp">
      <Filter>Source Files</Filter>
    </ClCompile>
    <ClCompile Include="src\lib\kawashima\hca\CHcaCipherConfig.cpp">
      <Filter>Source Files</Filter>
    </ClCompile>
    <ClCompile Include="src\lib\kawashima\hca\CHcaCipherConverter.cpp">
      <Filter>Source Files</Filter>
    </ClCompile>
    <ClCompile Include="src\lib\kawashima\hca\CHcaDecoder.cpp">
      <Filter>Source Files</Filter>
    </ClCompile>
    <ClCompile Include="src\lib\kawashima\hca\CHcaDecoderConfig.cpp">
      <Filter>Source Files</Filter>
    </ClCompile>
    <ClCompile Include="src\lib\kawashima\hca\CHcaFormatReader.cpp">
      <Filter>Source Files</Filter>
    </ClCompile>
    <ClCompile Include="src\lib\kawashima\hca\hca_utils.cpp">
      <Filter>Source Files</Filter>
    </ClCompile>
    <ClCompile Include="src\lib\kawashima\hca\internal\CHcaAth.cpp">
      <Filter>Source Files</Filter>
    </ClCompile>
    <ClCompile Include="src\lib\kawashima\hca\internal\CHcaChannel.cpp">
      <Filter>Source Files</Filter>
    </ClCompile>
    <ClCompile Include="src\lib\kawashima\hca\internal\CHcaCipher.cpp">
      <Filter>Source Files</Filter>
    </ClCompile>
    <ClCompile Include="src\lib\kawashima\hca\internal\CHcaData.cpp">
      <Filter>Source Files</Filter>
    </ClCompile>
    <ClCompile Include="src\lib\takamori\CBitConverter.cpp">
      <Filter>Source Files</Filter>
    </ClCompile>
    <ClCompile Include="src\lib\takamori\CFileSystem.cpp">
      <Filter>Source Files</Filter>
    </ClCompile>
    <ClCompile Include="src\lib\takamori\CPath.cpp">
      <Filter>Source Files</Filter>
    </ClCompile>
    <ClCompile Include="src\lib\takamori\exceptions\CArgumentException.cpp">
      <Filter>Source Files</Filter>
    </ClCompile>
    <ClCompile Include="src\lib\takamori\exceptions\CException.cpp">
      <Filter>Source Files</Filter>
    </ClCompile>
    <ClCompile Include="src\lib\takamori\exceptions\CFormatException.cpp">
      <Filter>Source Files</Filter>
    </ClCompile>
    <ClCompile Include="src\lib\takamori\exceptions\CInvalidOperationException.cpp">
      <Filter>Source Files</Filter>
    </ClCompile>
    <ClCompile Include="src\lib\takamori\exceptions\CNotImplementedException.cpp">
      <Filter>Source Files</Filter>
    </ClCompile>
    <ClCompile Include="src\lib\takamori\streams\CBinaryReader.cpp">
      <Filter>Source Files</Filter>
    </ClCompile>
    <ClCompile Include="src\lib\takamori\streams\CBinaryWriter.cpp">
      <Filter>Source Files</Filter>
    </ClCompile>
    <ClCompile Include="src\lib\takamori\streams\CFileStream.cpp">
      <Filter>Source Files</Filter>
    </ClCompile>
    <ClCompile Include="src\lib\takamori\streams\CMemoryStream.cpp">
      <Filter>Source Files</Filter>
    </ClCompile>
    <ClCompile Include="src\lib\takamori\streams\CStream.cpp">
      <Filter>Source Files</Filter>
    </ClCompile>
    <ClCompile Include="src\lib\takamori\streams\CStreamExtensions.cpp">
      <Filter>Source Files</Filter>
    </ClCompile>
    <ClCompile Include="src\lib\takamori\Utilities.cpp">
      <Filter>Source Files</Filter>
    </ClCompile>
  </ItemGroup>
  <ItemGroup>
    <None Include="D:\code\repo\libcgss\src\cgss.def">
      <Filter>Source Files</Filter>
    </None>
  </ItemGroup>
</Project>